# THIS IS AN AUTOGENERATED FILE. DO NOT EDIT THIS FILE DIRECTLY.
# yarn lockfile v1


bezier-easing@2.1.0:
  version "2.1.0"
  resolved "https://registry.yarnpkg.com/bezier-easing/-/bezier-easing-2.1.0.tgz#c04dfe8b926d6ecaca1813d69ff179b7c2025d86"
  integrity sha1-wE3+i5JtbsrKGBPWn/F5t8ICXYY=

braintree-web@^2.27.0:
  version "2.32.1"
  resolved "https://registry.yarnpkg.com/braintree-web/-/braintree-web-2.32.1.tgz#3dc91c0536a76324c05ea6d9c64989f43c3f7a2d"
  integrity sha1-PckcBTanYyTAXqbZxkmJ9Dw/ei0=

custom-event-polyfill@^0.3.0:
  version "0.3.0"
  resolved "https://registry.yarnpkg.com/custom-event-polyfill/-/custom-event-polyfill-0.3.0.tgz#99807839be62edb446b645832e0d80ead6fa1888"
  integrity sha1-mYB4Ob5i7bRGtkWDLg2A6tb6GIg=

ie-array-find-polyfill@^1.1.0:
  version "1.1.0"
  resolved "https://registry.yarnpkg.com/ie-array-find-polyfill/-/ie-array-find-polyfill-1.1.0.tgz#5078e533f026831da22bd7476513d9460d65a142"
  integrity sha1-UHjlM/Amgx2iK9dHZRPZRg1loUI=

lodash-es@^4.17.10:
  version "4.17.15"
  resolved "https://registry.yarnpkg.com/lodash-es/-/lodash-es-4.17.15.tgz#21bd96839354412f23d7a10340e5eac6ee455d78"
  integrity sha512-rlrc3yU3+JNOpZ9zj5pQtxnx2THmvRykwL4Xlxoa8I9lHBlVbbyPhgyPMioxVZ4NqyxaVVtaJnzsyOidQIhyyQ==

moment@^2.19.1:
  version "2.24.0"
  resolved "https://registry.yarnpkg.com/moment/-/moment-2.24.0.tgz#0d055d53f5052aa653c9f6eb68bb5d12bf5c2b5b"
  integrity sha512-bV7f+6l2QigeBBZSM/6yTNq4P2fNpSWj/0e7jQcy87A8e7o2nAfP/34/2ky5Vw4B9S446EtIhodAzkFCcR4dQg==

nouislider@^9.0.0:
  version "9.2.0"
  resolved "https://registry.yarnpkg.com/nouislider/-/nouislider-9.2.0.tgz#e87c507de2b0b4d075038b5a42547c7dbbebaf69"
  integrity sha1-6HxQfeKwtNB1A4taQlR8fbvrr2k=

ua-parser-js@^0.7.18:
  version "0.7.21"
  resolved "https://registry.yarnpkg.com/ua-parser-js/-/ua-parser-js-0.7.21.tgz#853cf9ce93f642f67174273cc34565ae6f308777"
  integrity sha512-+O8/qh/Qj8CgC6eYBVBykMrNtp5Gebn4dlGD/kKXVkJNDwyrAwSIqwz8CDf+tsAIWVycKcku6gIXJ0qwx/ZXaQ==

vue-scrollto@^2.7.7:
  version "2.18.1"
  resolved "https://registry.yarnpkg.com/vue-scrollto/-/vue-scrollto-2.18.1.tgz#e23620489583f0b3f21410f149b6585a730672f2"
  integrity sha512-JojeVOP1Z50Jt0OCOd61jRRRF8TrNvPAzF4LAKwkTEZnt30mpDd48aDZZOEPD3l6z2PybOyUGFT/FNWfTtFv9w==
  dependencies:
    bezier-easing "2.1.0"

vue2-transitions@^0.2.3:
  version "0.2.3"
  resolved "https://registry.yarnpkg.com/vue2-transitions/-/vue2-transitions-0.2.3.tgz#69c9d75b1db05f231b80980c03459d68490ba27d"
  integrity sha512-Ou5x74AOQbM8JjZV8pIssFFqavvj53QzrEEUr5QnElUYb1ZizPwaUJo0ZqmLPqjwPae7ON4SG8U2cSTI4tHKLg==

vue@^2.2.6:
  version "2.6.11"
  resolved "https://registry.yarnpkg.com/vue/-/vue-2.6.11.tgz#76594d877d4b12234406e84e35275c6d514125c5"
  integrity sha512-VfPwgcGABbGAue9+sfrD4PuwFar7gPb1yl1UK1MwXoQPAw0BKSqWfoYCT/ThFrdEVWoI51dBuyCoiNU9bZDZxQ==

wnumb@^1.1.0:
  version "1.2.0"
  resolved "https://registry.yarnpkg.com/wnumb/-/wnumb-1.2.0.tgz#f6fa5bfa739b9ca3b1e472094e1feeeb189484d9"
  integrity sha512-eYut5K/dW7usfk/Mwm6nxBNoTPp/uP7PlXld+hhg7lDtHLdHFnNclywGYM9BRC7Ohd4JhwuHg+vmOUGfd3NhVA==
