# THIS IS AN AUTOGENERATED FILE. DO NOT EDIT THIS FILE DIRECTLY.
# yarn lockfile v1


bezier-easing@2.1.0:
  version "2.1.0"
  resolved "https://registry.yarnpkg.com/bezier-easing/-/bezier-easing-2.1.0.tgz#c04dfe8b926d6ecaca1813d69ff179b7c2025d86"
  integrity sha1-wE3+i5JtbsrKGBPWn/F5t8ICXYY=

braintree-web@^2.27.0:
  version "2.32.1"
  resolved "https://registry.yarnpkg.com/braintree-web/-/braintree-web-2.32.1.tgz#3dc91c0536a76324c05ea6d9c64989f43c3f7a2d"
  integrity sha1-PckcBTanYyTAXqbZxkmJ9Dw/ei0=

custom-event-polyfill@^0.3.0:
  version "0.3.0"
  resolved "https://registry.yarnpkg.com/custom-event-polyfill/-/custom-event-polyfill-0.3.0.tgz#99807839be62edb446b645832e0d80ead6fa1888"
  integrity sha1-mYB4Ob5i7bRGtkWDLg2A6tb6GIg=

ie-array-find-polyfill@^1.1.0:
  version "1.1.0"
  resolved "https://registry.yarnpkg.com/ie-array-find-polyfill/-/ie-array-find-polyfill-1.1.0.tgz#5078e533f026831da22bd7476513d9460d65a142"
  integrity sha1-UHjlM/Amgx2iK9dHZRPZRg1loUI=

lodash-es@^4.17.10:
  version "4.17.11"
  resolved "https://registry.yarnpkg.com/lodash-es/-/lodash-es-4.17.11.tgz#145ab4a7ac5c5e52a3531fb4f310255a152b4be0"
  integrity sha512-DHb1ub+rMjjrxqlB3H56/6MXtm1lSksDp2rA2cNWjG8mlDUYFhUj3Di2Zn5IwSU87xLv8tNIQ7sSwE/YOX/D/Q==

moment@^2.19.1:
  version "2.24.0"
  resolved "https://registry.yarnpkg.com/moment/-/moment-2.24.0.tgz#0d055d53f5052aa653c9f6eb68bb5d12bf5c2b5b"
  integrity sha512-bV7f+6l2QigeBBZSM/6yTNq4P2fNpSWj/0e7jQcy87A8e7o2nAfP/34/2ky5Vw4B9S446EtIhodAzkFCcR4dQg==

nouislider@^9.0.0:
  version "9.2.0"
  resolved "https://registry.yarnpkg.com/nouislider/-/nouislider-9.2.0.tgz#e87c507de2b0b4d075038b5a42547c7dbbebaf69"
  integrity sha1-6HxQfeKwtNB1A4taQlR8fbvrr2k=

ua-parser-js@^0.7.18:
  version "0.7.19"
  resolved "https://registry.yarnpkg.com/ua-parser-js/-/ua-parser-js-0.7.19.tgz#94151be4c0a7fb1d001af7022fdaca4642659e4b"
  integrity sha512-T3PVJ6uz8i0HzPxOF9SWzWAlfN/DavlpQqepn22xgve/5QecC+XMCAtmUNnY7C9StehaV6exjUCI801lOI7QlQ==

vue-scrollto@^2.7.7:
  version "2.15.0"
  resolved "https://registry.yarnpkg.com/vue-scrollto/-/vue-scrollto-2.15.0.tgz#e6e4645dfd2efc0d960123f607c2ab448b81670a"
  integrity sha512-FmJncIrXvsqvyVAN55Trc2CQWVDyxuMgdQQp1Q9I9bhoEi7XXpvXXQonhbFBktzNggJf1rpfHpVqa8KLhPeePQ==
  dependencies:
    bezier-easing "2.1.0"

vue2-transitions@^0.2.3:
  version "0.2.3"
  resolved "https://registry.yarnpkg.com/vue2-transitions/-/vue2-transitions-0.2.3.tgz#69c9d75b1db05f231b80980c03459d68490ba27d"
  integrity sha512-Ou5x74AOQbM8JjZV8pIssFFqavvj53QzrEEUr5QnElUYb1ZizPwaUJo0ZqmLPqjwPae7ON4SG8U2cSTI4tHKLg==

vue@^2.2.6:
  version "2.6.10"
  resolved "https://registry.yarnpkg.com/vue/-/vue-2.6.10.tgz#a72b1a42a4d82a721ea438d1b6bf55e66195c637"
  integrity sha512-ImThpeNU9HbdZL3utgMCq0oiMzAkt1mcgy3/E6zWC/G6AaQoeuFdsl9nDhTDU3X1R6FK7nsIUuRACVcjI+A2GQ==

wnumb@^1.1.0:
  version "1.1.0"
  resolved "https://registry.yarnpkg.com/wnumb/-/wnumb-1.1.0.tgz#fcecb88050869bdf384dacbfd612325980c93ddc"
  integrity sha1-/Oy4gFCGm984Tay/1hIyWYDJPdw=
